
Microsoft Visual Studio Solution File, Format Version 12.00
# Visual Studio Version 17
VisualStudioVersion = 17.8.34525.116
MinimumVisualStudioVersion = 10.0.40219.1
Project("{9A19103F-16F7-4668-BE54-9A1E7A4F7556}") = "Zit.AgencyManager.Dados", "Zit.AgencyManager.Dados\Zit.AgencyManager.Dados.csproj", "{2A25854B-F88C-4BA1-AD4B-86D63BFF73AA}"
EndProject
Project("{9A19103F-16F7-4668-BE54-9A1E7A4F7556}") = "Zit.AgencyManager.Blazor", "Zit.AgencyManager.Blazor\Zit.AgencyManager.Blazor.csproj", "{79A06E9E-7181-469F-AA38-D6F82BC0999F}"
EndProject
Project("{9A19103F-16F7-4668-BE54-9A1E7A4F7556}") = "Zit.AgencyManager.Dominio", "Zit.AgencyManager.Dominio\Zit.AgencyManager.Dominio.csproj", "{ADB57BBA-7FE1-4789-B422-80475F8C37F2}"
EndProject
Project("{FAE04EC0-301F-11D3-BF4B-00C04F79EFBC}") = "Zit.AgencyManager.API", "Zit.AgencyManager.API\Zit.AgencyManager.API.csproj", "{448D0247-75F2-4BAF-B81C-4653F72E3045}"
EndProject
Global
	GlobalSection(SolutionConfigurationPlatforms) = preSolution
		Debug|Any CPU = Debug|Any CPU
		Release|Any CPU = Release|Any CPU
	EndGlobalSection
	GlobalSection(ProjectConfigurationPlatforms) = postSolution
		{2A25854B-F88C-4BA1-AD4B-86D63BFF73AA}.Debug|Any CPU.ActiveCfg = Debug|Any CPU
		{2A25854B-F88C-4BA1-AD4B-86D63BFF73AA}.Debug|Any CPU.Build.0 = Debug|Any CPU
		{2A25854B-F88C-4BA1-AD4B-86D63BFF73AA}.Release|Any CPU.ActiveCfg = Release|Any CPU
		{2A25854B-F88C-4BA1-AD4B-86D63BFF73AA}.Release|Any CPU.Build.0 = Release|Any CPU
		{79A06E9E-7181-469F-AA38-D6F82BC0999F}.Debug|Any CPU.ActiveCfg = Debug|Any CPU
		{79A06E9E-7181-469F-AA38-D6F82BC0999F}.Debug|Any CPU.Build.0 = Debug|Any CPU
		{79A06E9E-7181-469F-AA38-D6F82BC0999F}.Release|Any CPU.ActiveCfg = Release|Any CPU
		{79A06E9E-7181-469F-AA38-D6F82BC0999F}.Release|Any CPU.Build.0 = Release|Any CPU
		{ADB57BBA-7FE1-4789-B422-80475F8C37F2}.Debug|Any CPU.ActiveCfg = Debug|Any CPU
		{ADB57BBA-7FE1-4789-B422-80475F8C37F2}.Debug|Any CPU.Build.0 = Debug|Any CPU
		{ADB57BBA-7FE1-4789-B422-80475F8C37F2}.Release|Any CPU.ActiveCfg = Release|Any CPU
		{ADB57BBA-7FE1-4789-B422-80475F8C37F2}.Release|Any CPU.Build.0 = Release|Any CPU
		{448D0247-75F2-4BAF-B81C-4653F72E3045}.Debug|Any CPU.ActiveCfg = Debug|Any CPU
		{448D0247-75F2-4BAF-B81C-4653F72E3045}.Debug|Any CPU.Build.0 = Debug|Any CPU
		{448D0247-75F2-4BAF-B81C-4653F72E3045}.Release|Any CPU.ActiveCfg = Release|Any CPU
		{448D0247-75F2-4BAF-B81C-4653F72E3045}.Release|Any CPU.Build.0 = Release|Any CPU
	EndGlobalSection
	GlobalSection(SolutionProperties) = preSolution
		HideSolutionNode = FALSE
	EndGlobalSection
	GlobalSection(ExtensibilityGlobals) = postSolution
		SolutionGuid = {E202C5B3-A326-4CE7-9032-1A4EA9F62120}
	EndGlobalSection
EndGlobal
